// !$*UTF8*$!
{
	archiveVersion = 1;
	classes = {
	};
	objectVersion = 51;
	objects = {

/* Begin PBXBuildFile section */
		045A780327AC0ABD00519796 /* File.swift in Sources */ = {isa = PBXBuildFile; fileRef = 045A780227AC0ABD00519796 /* File.swift */; };
		045A780627AC0BD600519796 /* AllSportsTest.swift in Sources */ = {isa = PBXBuildFile; fileRef = 045A780527AC0BD600519796 /* AllSportsTest.swift */; };
		045A780927AC0D0500519796 /* Leages.storyboard in Resources */ = {isa = PBXBuildFile; fileRef = 045A780827AC0D0500519796 /* Leages.storyboard */; };
		045A780B27AC0D2100519796 /* Main.storyboard in Resources */ = {isa = PBXBuildFile; fileRef = 045A780A27AC0D2000519796 /* Main.storyboard */; };
		045A782827AC11A300519796 /* LeaguesPresenter.swift in Sources */ = {isa = PBXBuildFile; fileRef = 045A782727AC11A300519796 /* LeaguesPresenter.swift */; };
		045A782A27AC11BB00519796 /* SportsPresenter.swift in Sources */ = {isa = PBXBuildFile; fileRef = 045A782927AC11BB00519796 /* SportsPresenter.swift */; };
		045A782C27AC120400519796 /* BaseAPI.swift in Sources */ = {isa = PBXBuildFile; fileRef = 045A782B27AC120400519796 /* BaseAPI.swift */; };
		045A782E27AC120C00519796 /* TargetType.swift in Sources */ = {isa = PBXBuildFile; fileRef = 045A782D27AC120C00519796 /* TargetType.swift */; };
		045A783E27AC15EF00519796 /* FavoritesTableViewController.swift in Sources */ = {isa = PBXBuildFile; fileRef = 045A783D27AC15EF00519796 /* FavoritesTableViewController.swift */; };
		045A784027AC15FA00519796 /* FavoritesTableViewCell.swift in Sources */ = {isa = PBXBuildFile; fileRef = 045A783F27AC15FA00519796 /* FavoritesTableViewCell.swift */; };
		045A784227AC160F00519796 /* LeaguesTableViewCell.swift in Sources */ = {isa = PBXBuildFile; fileRef = 045A784127AC160F00519796 /* LeaguesTableViewCell.swift */; };
		045A784427AC161600519796 /* LeaguesTableViewController.swift in Sources */ = {isa = PBXBuildFile; fileRef = 045A784327AC161600519796 /* LeaguesTableViewController.swift */; };
		045A784627AC162A00519796 /* SportCollectionViewController.swift in Sources */ = {isa = PBXBuildFile; fileRef = 045A784527AC162900519796 /* SportCollectionViewController.swift */; };
		045A784827AC163000519796 /* custemCollectionViewCell.swift in Sources */ = {isa = PBXBuildFile; fileRef = 045A784727AC163000519796 /* custemCollectionViewCell.swift */; };
		045A784A27AC166900519796 /* Leages.swift in Sources */ = {isa = PBXBuildFile; fileRef = 045A784927AC166900519796 /* Leages.swift */; };
		045A784C27AC168300519796 /* AllLeagesAPI.swift in Sources */ = {isa = PBXBuildFile; fileRef = 045A784B27AC168300519796 /* AllLeagesAPI.swift */; };
		045A784E27AC168900519796 /* AllLeagues.swift in Sources */ = {isa = PBXBuildFile; fileRef = 045A784D27AC168900519796 /* AllLeagues.swift */; };
		045A785027AC172400519796 /* Sports.swift in Sources */ = {isa = PBXBuildFile; fileRef = 045A784F27AC172400519796 /* Sports.swift */; };
		045A785227AC173400519796 /* AllSportsAPI.swift in Sources */ = {isa = PBXBuildFile; fileRef = 045A785127AC173400519796 /* AllSportsAPI.swift */; };
		045A785427AC174400519796 /* AllSports.swift in Sources */ = {isa = PBXBuildFile; fileRef = 045A785327AC174300519796 /* AllSports.swift */; };
		045A785827AC17C000519796 /* TheRadiusExtension.swift in Sources */ = {isa = PBXBuildFile; fileRef = 045A785727AC17C000519796 /* TheRadiusExtension.swift */; };
		045A785B27AC18B900519796 /* TeamsDetailsViewController.swift in Sources */ = {isa = PBXBuildFile; fileRef = 045A785A27AC18B900519796 /* TeamsDetailsViewController.swift */; };
		045A785D27AC18D300519796 /* LeagueDetailsViewController.swift in Sources */ = {isa = PBXBuildFile; fileRef = 045A785C27AC18D200519796 /* LeagueDetailsViewController.swift */; };
		045A785F27AC18D900519796 /* LeagueVC+CollectionView.swift in Sources */ = {isa = PBXBuildFile; fileRef = 045A785E27AC18D800519796 /* LeagueVC+CollectionView.swift */; };
		045A786127AC196100519796 /* UpcomingEventsNetworking.swift in Sources */ = {isa = PBXBuildFile; fileRef = 045A786027AC196000519796 /* UpcomingEventsNetworking.swift */; };
		045A786327AC196700519796 /* LatesetEventsNEtworking.swift in Sources */ = {isa = PBXBuildFile; fileRef = 045A786227AC196600519796 /* LatesetEventsNEtworking.swift */; };
		045A786527AC197500519796 /* TeamsNetworking.swift in Sources */ = {isa = PBXBuildFile; fileRef = 045A786427AC197500519796 /* TeamsNetworking.swift */; };
		045A786727AC1A0600519796 /* UpcomingEventcellView.swift in Sources */ = {isa = PBXBuildFile; fileRef = 045A786627AC1A0600519796 /* UpcomingEventcellView.swift */; };
		045A786C27AC1A9500519796 /* LastResultsCellView.swift in Sources */ = {isa = PBXBuildFile; fileRef = 045A786B27AC1A9500519796 /* LastResultsCellView.swift */; };
		045A786E27AC1AB500519796 /* TeamsMoudelCellView.swift in Sources */ = {isa = PBXBuildFile; fileRef = 045A786D27AC1AB500519796 /* TeamsMoudelCellView.swift */; };
		045A787127AC1B1A00519796 /* AllTeamsApiResultMOdel.swift in Sources */ = {isa = PBXBuildFile; fileRef = 045A787027AC1B1A00519796 /* AllTeamsApiResultMOdel.swift */; };
		045A787327AC1BCC00519796 /* TeamsClass.swift in Sources */ = {isa = PBXBuildFile; fileRef = 045A787227AC1BCC00519796 /* TeamsClass.swift */; };
		045A787527AC1BE300519796 /* UpcomingClass.swift in Sources */ = {isa = PBXBuildFile; fileRef = 045A787427AC1BE300519796 /* UpcomingClass.swift */; };
		045A787727AC1BEA00519796 /* RecentEvents.swift in Sources */ = {isa = PBXBuildFile; fileRef = 045A787627AC1BEA00519796 /* RecentEvents.swift */; };
		045A787927AC1C3B00519796 /* TeamsAPIModel.swift in Sources */ = {isa = PBXBuildFile; fileRef = 045A787827AC1C3B00519796 /* TeamsAPIModel.swift */; };
		045A787F27AC551400519796 /* UpcomingEventsNetworkingAPI.swift in Sources */ = {isa = PBXBuildFile; fileRef = 045A787E27AC551400519796 /* UpcomingEventsNetworkingAPI.swift */; };
		045A788127AC557600519796 /* LatesetEventsNetworkingAPI.swift in Sources */ = {isa = PBXBuildFile; fileRef = 045A788027AC557600519796 /* LatesetEventsNetworkingAPI.swift */; };
		045A788427AC7D6400519796 /* TeamDetailsAPI.swift in Sources */ = {isa = PBXBuildFile; fileRef = 045A788327AC7D6400519796 /* TeamDetailsAPI.swift */; };
		045A788627AC7D7D00519796 /* TeamDetails.swift in Sources */ = {isa = PBXBuildFile; fileRef = 045A788527AC7D7D00519796 /* TeamDetails.swift */; };
		045A788D27AC8F1F00519796 /* DemoNada.swift in Sources */ = {isa = PBXBuildFile; fileRef = 045A788C27AC8F1F00519796 /* DemoNada.swift */; };
		045A788F27AD543500519796 /* LeagueDetailsPresenter.swift in Sources */ = {isa = PBXBuildFile; fileRef = 045A788E27AD543500519796 /* LeagueDetailsPresenter.swift */; };
		04B7932027AC044100CCD82F /* AppDelegate.swift in Sources */ = {isa = PBXBuildFile; fileRef = 04B7931F27AC044100CCD82F /* AppDelegate.swift */; };
		04B7932227AC044100CCD82F /* SceneDelegate.swift in Sources */ = {isa = PBXBuildFile; fileRef = 04B7932127AC044100CCD82F /* SceneDelegate.swift */; };
		04B7932427AC044100CCD82F /* ViewController.swift in Sources */ = {isa = PBXBuildFile; fileRef = 04B7932327AC044100CCD82F /* ViewController.swift */; };
		04B7932A27AC044100CCD82F /* SportsSwift.xcdatamodeld in Sources */ = {isa = PBXBuildFile; fileRef = 04B7932827AC044100CCD82F /* SportsSwift.xcdatamodeld */; };
		04B7932C27AC044600CCD82F /* Assets.xcassets in Resources */ = {isa = PBXBuildFile; fileRef = 04B7932B27AC044600CCD82F /* Assets.xcassets */; };
		04B7932F27AC044600CCD82F /* LaunchScreen.storyboard in Resources */ = {isa = PBXBuildFile; fileRef = 04B7932D27AC044600CCD82F /* LaunchScreen.storyboard */; };
		04B7933A27AC044600CCD82F /* TeamsTests.swift in Sources */ = {isa = PBXBuildFile; fileRef = 04B7933927AC044600CCD82F /* TeamsTests.swift */; };
		6719AD4A108A6C01B83A68E1 /* Pods_SportsSwift.framework in Frameworks */ = {isa = PBXBuildFile; fileRef = 84CAE78495979DB455566989 /* Pods_SportsSwift.framework */; };
		852C87DC27AD7BCE0098063B /* CoreDataBService.swift in Sources */ = {isa = PBXBuildFile; fileRef = 852C87DB27AD7BCE0098063B /* CoreDataBService.swift */; };
		8574FEF927AC7AE10087B087 /* ConectivityChek.swift in Sources */ = {isa = PBXBuildFile; fileRef = 8574FEF827AC7AE10087B087 /* ConectivityChek.swift */; };
		8599B19927ADBE3A008CCB07 /* FavouritesPresenter.swift in Sources */ = {isa = PBXBuildFile; fileRef = 8599B19827ADBE3A008CCB07 /* FavouritesPresenter.swift */; };
		FFE9D9C0DEF5E24A4D9AA767 /* Pods_SportsSwiftTests.framework in Frameworks */ = {isa = PBXBuildFile; fileRef = 017F0B73149306120711D0E6 /* Pods_SportsSwiftTests.framework */; };
/* End PBXBuildFile section */

/* Begin PBXContainerItemProxy section */
		04B7933627AC044600CCD82F /* PBXContainerItemProxy */ = {
			isa = PBXContainerItemProxy;
			containerPortal = 04B7931427AC044100CCD82F /* Project object */;
			proxyType = 1;
			remoteGlobalIDString = 04B7931B27AC044100CCD82F;
			remoteInfo = SportsSwift;
		};
/* End PBXContainerItemProxy section */

/* Begin PBXFileReference section */
		017F0B73149306120711D0E6 /* Pods_SportsSwiftTests.framework */ = {isa = PBXFileReference; explicitFileType = wrapper.framework; includeInIndex = 0; path = Pods_SportsSwiftTests.framework; sourceTree = BUILT_PRODUCTS_DIR; };
		045A780227AC0ABD00519796 /* File.swift */ = {isa = PBXFileReference; lastKnownFileType = sourcecode.swift; path = File.swift; sourceTree = "<group>"; };
		045A780527AC0BD600519796 /* AllSportsTest.swift */ = {isa = PBXFileReference; lastKnownFileType = sourcecode.swift; path = AllSportsTest.swift; sourceTree = "<group>"; };
		045A780827AC0D0500519796 /* Leages.storyboard */ = {isa = PBXFileReference; fileEncoding = 4; lastKnownFileType = file.storyboard; path = Leages.storyboard; sourceTree = "<group>"; };
		045A780A27AC0D2000519796 /* Main.storyboard */ = {isa = PBXFileReference; fileEncoding = 4; lastKnownFileType = file.storyboard; path = Main.storyboard; sourceTree = "<group>"; };
		045A782727AC11A300519796 /* LeaguesPresenter.swift */ = {isa = PBXFileReference; fileEncoding = 4; lastKnownFileType = sourcecode.swift; path = LeaguesPresenter.swift; sourceTree = "<group>"; };
		045A782927AC11BB00519796 /* SportsPresenter.swift */ = {isa = PBXFileReference; fileEncoding = 4; lastKnownFileType = sourcecode.swift; path = SportsPresenter.swift; sourceTree = "<group>"; };
		045A782B27AC120400519796 /* BaseAPI.swift */ = {isa = PBXFileReference; fileEncoding = 4; lastKnownFileType = sourcecode.swift; path = BaseAPI.swift; sourceTree = "<group>"; };
		045A782D27AC120C00519796 /* TargetType.swift */ = {isa = PBXFileReference; fileEncoding = 4; lastKnownFileType = sourcecode.swift; path = TargetType.swift; sourceTree = "<group>"; };
		045A783D27AC15EF00519796 /* FavoritesTableViewController.swift */ = {isa = PBXFileReference; fileEncoding = 4; lastKnownFileType = sourcecode.swift; path = FavoritesTableViewController.swift; sourceTree = "<group>"; };
		045A783F27AC15FA00519796 /* FavoritesTableViewCell.swift */ = {isa = PBXFileReference; fileEncoding = 4; lastKnownFileType = sourcecode.swift; path = FavoritesTableViewCell.swift; sourceTree = "<group>"; };
		045A784127AC160F00519796 /* LeaguesTableViewCell.swift */ = {isa = PBXFileReference; fileEncoding = 4; lastKnownFileType = sourcecode.swift; path = LeaguesTableViewCell.swift; sourceTree = "<group>"; };
		045A784327AC161600519796 /* LeaguesTableViewController.swift */ = {isa = PBXFileReference; fileEncoding = 4; lastKnownFileType = sourcecode.swift; path = LeaguesTableViewController.swift; sourceTree = "<group>"; };
		045A784527AC162900519796 /* SportCollectionViewController.swift */ = {isa = PBXFileReference; fileEncoding = 4; lastKnownFileType = sourcecode.swift; path = SportCollectionViewController.swift; sourceTree = "<group>"; };
		045A784727AC163000519796 /* custemCollectionViewCell.swift */ = {isa = PBXFileReference; fileEncoding = 4; lastKnownFileType = sourcecode.swift; path = custemCollectionViewCell.swift; sourceTree = "<group>"; };
		045A784927AC166900519796 /* Leages.swift */ = {isa = PBXFileReference; fileEncoding = 4; lastKnownFileType = sourcecode.swift; path = Leages.swift; sourceTree = "<group>"; };
		045A784B27AC168300519796 /* AllLeagesAPI.swift */ = {isa = PBXFileReference; fileEncoding = 4; lastKnownFileType = sourcecode.swift; path = AllLeagesAPI.swift; sourceTree = "<group>"; };
		045A784D27AC168900519796 /* AllLeagues.swift */ = {isa = PBXFileReference; fileEncoding = 4; lastKnownFileType = sourcecode.swift; path = AllLeagues.swift; sourceTree = "<group>"; };
		045A784F27AC172400519796 /* Sports.swift */ = {isa = PBXFileReference; fileEncoding = 4; lastKnownFileType = sourcecode.swift; path = Sports.swift; sourceTree = "<group>"; };
		045A785127AC173400519796 /* AllSportsAPI.swift */ = {isa = PBXFileReference; fileEncoding = 4; lastKnownFileType = sourcecode.swift; path = AllSportsAPI.swift; sourceTree = "<group>"; };
		045A785327AC174300519796 /* AllSports.swift */ = {isa = PBXFileReference; fileEncoding = 4; lastKnownFileType = sourcecode.swift; path = AllSports.swift; sourceTree = "<group>"; };
		045A785727AC17C000519796 /* TheRadiusExtension.swift */ = {isa = PBXFileReference; lastKnownFileType = sourcecode.swift; path = TheRadiusExtension.swift; sourceTree = "<group>"; };
		045A785A27AC18B900519796 /* TeamsDetailsViewController.swift */ = {isa = PBXFileReference; fileEncoding = 4; lastKnownFileType = sourcecode.swift; path = TeamsDetailsViewController.swift; sourceTree = "<group>"; };
		045A785C27AC18D200519796 /* LeagueDetailsViewController.swift */ = {isa = PBXFileReference; fileEncoding = 4; lastKnownFileType = sourcecode.swift; path = LeagueDetailsViewController.swift; sourceTree = "<group>"; };
		045A785E27AC18D800519796 /* LeagueVC+CollectionView.swift */ = {isa = PBXFileReference; fileEncoding = 4; lastKnownFileType = sourcecode.swift; path = "LeagueVC+CollectionView.swift"; sourceTree = "<group>"; };
		045A786027AC196000519796 /* UpcomingEventsNetworking.swift */ = {isa = PBXFileReference; fileEncoding = 4; lastKnownFileType = sourcecode.swift; path = UpcomingEventsNetworking.swift; sourceTree = "<group>"; };
		045A786227AC196600519796 /* LatesetEventsNEtworking.swift */ = {isa = PBXFileReference; fileEncoding = 4; lastKnownFileType = sourcecode.swift; path = LatesetEventsNEtworking.swift; sourceTree = "<group>"; };
		045A786427AC197500519796 /* TeamsNetworking.swift */ = {isa = PBXFileReference; fileEncoding = 4; lastKnownFileType = sourcecode.swift; path = TeamsNetworking.swift; sourceTree = "<group>"; };
		045A786627AC1A0600519796 /* UpcomingEventcellView.swift */ = {isa = PBXFileReference; fileEncoding = 4; lastKnownFileType = sourcecode.swift; path = UpcomingEventcellView.swift; sourceTree = "<group>"; };
		045A786B27AC1A9500519796 /* LastResultsCellView.swift */ = {isa = PBXFileReference; fileEncoding = 4; lastKnownFileType = sourcecode.swift; path = LastResultsCellView.swift; sourceTree = "<group>"; };
		045A786D27AC1AB500519796 /* TeamsMoudelCellView.swift */ = {isa = PBXFileReference; fileEncoding = 4; lastKnownFileType = sourcecode.swift; path = TeamsMoudelCellView.swift; sourceTree = "<group>"; };
		045A787027AC1B1A00519796 /* AllTeamsApiResultMOdel.swift */ = {isa = PBXFileReference; fileEncoding = 4; lastKnownFileType = sourcecode.swift; path = AllTeamsApiResultMOdel.swift; sourceTree = "<group>"; };
		045A787227AC1BCC00519796 /* TeamsClass.swift */ = {isa = PBXFileReference; fileEncoding = 4; lastKnownFileType = sourcecode.swift; path = TeamsClass.swift; sourceTree = "<group>"; };
		045A787427AC1BE300519796 /* UpcomingClass.swift */ = {isa = PBXFileReference; fileEncoding = 4; lastKnownFileType = sourcecode.swift; path = UpcomingClass.swift; sourceTree = "<group>"; };
		045A787627AC1BEA00519796 /* RecentEvents.swift */ = {isa = PBXFileReference; fileEncoding = 4; lastKnownFileType = sourcecode.swift; path = RecentEvents.swift; sourceTree = "<group>"; };
		045A787827AC1C3B00519796 /* TeamsAPIModel.swift */ = {isa = PBXFileReference; fileEncoding = 4; lastKnownFileType = sourcecode.swift; path = TeamsAPIModel.swift; sourceTree = "<group>"; };
		045A787E27AC551400519796 /* UpcomingEventsNetworkingAPI.swift */ = {isa = PBXFileReference; lastKnownFileType = sourcecode.swift; path = UpcomingEventsNetworkingAPI.swift; sourceTree = "<group>"; };
		045A788027AC557600519796 /* LatesetEventsNetworkingAPI.swift */ = {isa = PBXFileReference; lastKnownFileType = sourcecode.swift; path = LatesetEventsNetworkingAPI.swift; sourceTree = "<group>"; };
		045A788327AC7D6400519796 /* TeamDetailsAPI.swift */ = {isa = PBXFileReference; lastKnownFileType = sourcecode.swift; path = TeamDetailsAPI.swift; sourceTree = "<group>"; };
		045A788527AC7D7D00519796 /* TeamDetails.swift */ = {isa = PBXFileReference; lastKnownFileType = sourcecode.swift; path = TeamDetails.swift; sourceTree = "<group>"; };
		045A788C27AC8F1F00519796 /* DemoNada.swift */ = {isa = PBXFileReference; lastKnownFileType = sourcecode.swift; path = DemoNada.swift; sourceTree = "<group>"; };
		045A788E27AD543500519796 /* LeagueDetailsPresenter.swift */ = {isa = PBXFileReference; lastKnownFileType = sourcecode.swift; path = LeagueDetailsPresenter.swift; sourceTree = "<group>"; };
		04B7931C27AC044100CCD82F /* SportsSwift.app */ = {isa = PBXFileReference; explicitFileType = wrapper.application; includeInIndex = 0; path = SportsSwift.app; sourceTree = BUILT_PRODUCTS_DIR; };
		04B7931F27AC044100CCD82F /* AppDelegate.swift */ = {isa = PBXFileReference; lastKnownFileType = sourcecode.swift; path = AppDelegate.swift; sourceTree = "<group>"; wrapsLines = 0; };
		04B7932127AC044100CCD82F /* SceneDelegate.swift */ = {isa = PBXFileReference; lastKnownFileType = sourcecode.swift; path = SceneDelegate.swift; sourceTree = "<group>"; };
		04B7932327AC044100CCD82F /* ViewController.swift */ = {isa = PBXFileReference; lastKnownFileType = sourcecode.swift; path = ViewController.swift; sourceTree = "<group>"; };
		04B7932927AC044100CCD82F /* SportsSwift.xcdatamodel */ = {isa = PBXFileReference; lastKnownFileType = wrapper.xcdatamodel; path = SportsSwift.xcdatamodel; sourceTree = "<group>"; };
		04B7932B27AC044600CCD82F /* Assets.xcassets */ = {isa = PBXFileReference; lastKnownFileType = folder.assetcatalog; path = Assets.xcassets; sourceTree = "<group>"; };
		04B7932E27AC044600CCD82F /* Base */ = {isa = PBXFileReference; lastKnownFileType = file.storyboard; name = Base; path = Base.lproj/LaunchScreen.storyboard; sourceTree = "<group>"; };
		04B7933027AC044600CCD82F /* Info.plist */ = {isa = PBXFileReference; lastKnownFileType = text.plist.xml; path = Info.plist; sourceTree = "<group>"; };
		04B7933527AC044600CCD82F /* SportsSwiftTests.xctest */ = {isa = PBXFileReference; explicitFileType = wrapper.cfbundle; includeInIndex = 0; path = SportsSwiftTests.xctest; sourceTree = BUILT_PRODUCTS_DIR; };
		04B7933927AC044600CCD82F /* TeamsTests.swift */ = {isa = PBXFileReference; lastKnownFileType = sourcecode.swift; path = TeamsTests.swift; sourceTree = "<group>"; };
		04B7933B27AC044600CCD82F /* Info.plist */ = {isa = PBXFileReference; lastKnownFileType = text.plist.xml; path = Info.plist; sourceTree = "<group>"; };
		616325EA3FAD26356F7271F9 /* Pods-SportsSwiftTests.release.xcconfig */ = {isa = PBXFileReference; includeInIndex = 1; lastKnownFileType = text.xcconfig; name = "Pods-SportsSwiftTests.release.xcconfig"; path = "Target Support Files/Pods-SportsSwiftTests/Pods-SportsSwiftTests.release.xcconfig"; sourceTree = "<group>"; };
		82336DBEBBE23AC0B8C5A260 /* Pods-SportsSwiftTests.debug.xcconfig */ = {isa = PBXFileReference; includeInIndex = 1; lastKnownFileType = text.xcconfig; name = "Pods-SportsSwiftTests.debug.xcconfig"; path = "Target Support Files/Pods-SportsSwiftTests/Pods-SportsSwiftTests.debug.xcconfig"; sourceTree = "<group>"; };
		84CAE78495979DB455566989 /* Pods_SportsSwift.framework */ = {isa = PBXFileReference; explicitFileType = wrapper.framework; includeInIndex = 0; path = Pods_SportsSwift.framework; sourceTree = BUILT_PRODUCTS_DIR; };
		852C87DB27AD7BCE0098063B /* CoreDataBService.swift */ = {isa = PBXFileReference; lastKnownFileType = sourcecode.swift; path = CoreDataBService.swift; sourceTree = "<group>"; };
		8574FEF827AC7AE10087B087 /* ConectivityChek.swift */ = {isa = PBXFileReference; lastKnownFileType = sourcecode.swift; path = ConectivityChek.swift; sourceTree = "<group>"; };
		8599B19827ADBE3A008CCB07 /* FavouritesPresenter.swift */ = {isa = PBXFileReference; lastKnownFileType = sourcecode.swift; path = FavouritesPresenter.swift; sourceTree = "<group>"; };
		B350793FF885240118034B92 /* Pods-SportsSwift.release.xcconfig */ = {isa = PBXFileReference; includeInIndex = 1; lastKnownFileType = text.xcconfig; name = "Pods-SportsSwift.release.xcconfig"; path = "Target Support Files/Pods-SportsSwift/Pods-SportsSwift.release.xcconfig"; sourceTree = "<group>"; };
		E45A4DC8A34B62FD828AE086 /* Pods-SportsSwift.debug.xcconfig */ = {isa = PBXFileReference; includeInIndex = 1; lastKnownFileType = text.xcconfig; name = "Pods-SportsSwift.debug.xcconfig"; path = "Target Support Files/Pods-SportsSwift/Pods-SportsSwift.debug.xcconfig"; sourceTree = "<group>"; };
/* End PBXFileReference section */

/* Begin PBXFrameworksBuildPhase section */
		04B7931927AC044100CCD82F /* Frameworks */ = {
			isa = PBXFrameworksBuildPhase;
			buildActionMask = 2147483647;
			files = (
				6719AD4A108A6C01B83A68E1 /* Pods_SportsSwift.framework in Frameworks */,
			);
			runOnlyForDeploymentPostprocessing = 0;
		};
		04B7933227AC044600CCD82F /* Frameworks */ = {
			isa = PBXFrameworksBuildPhase;
			buildActionMask = 2147483647;
			files = (
				FFE9D9C0DEF5E24A4D9AA767 /* Pods_SportsSwiftTests.framework in Frameworks */,
			);
			runOnlyForDeploymentPostprocessing = 0;
		};
/* End PBXFrameworksBuildPhase section */

/* Begin PBXGroup section */
		045A780427AC0B6F00519796 /* Model */ = {
			isa = PBXGroup;
			children = (
				045A787227AC1BCC00519796 /* TeamsClass.swift */,
				045A787427AC1BE300519796 /* UpcomingClass.swift */,
				045A787627AC1BEA00519796 /* RecentEvents.swift */,
				045A784F27AC172400519796 /* Sports.swift */,
				045A784927AC166900519796 /* Leages.swift */,
				045A783227AC127F00519796 /* LeaguesDetailsModels */,
				045A782327AC0FE600519796 /* Servises */,
				045A780227AC0ABD00519796 /* File.swift */,
			);
			path = Model;
			sourceTree = "<group>";
		};
		045A780727AC0C7D00519796 /* StoryBoards */ = {
			isa = PBXGroup;
			children = (
				04B7932D27AC044600CCD82F /* LaunchScreen.storyboard */,
				045A780A27AC0D2000519796 /* Main.storyboard */,
				045A780827AC0D0500519796 /* Leages.storyboard */,
			);
			path = StoryBoards;
			sourceTree = "<group>";
		};
		045A780C27AC0D4A00519796 /* AppModules */ = {
			isa = PBXGroup;
			children = (
				045A785927AC17CA00519796 /* Extensions */,
				045A781527AC0E1B00519796 /* LeaguesDetailsModule */,
				045A781127AC0DB200519796 /* FavouriteModule */,
				045A780E27AC0D7800519796 /* LeagesModule */,
				045A780D27AC0D5C00519796 /* SportsModule */,
			);
			path = AppModules;
			sourceTree = "<group>";
		};
		045A780D27AC0D5C00519796 /* SportsModule */ = {
			isa = PBXGroup;
			children = (
				045A781827AC0EBE00519796 /* SportsPresenter */,
				045A781727AC0E7B00519796 /* SportsView */,
			);
			path = SportsModule;
			sourceTree = "<group>";
		};
		045A780E27AC0D7800519796 /* LeagesModule */ = {
			isa = PBXGroup;
			children = (
				045A781A27AC0EFC00519796 /* LeaguesPresenter */,
				045A781927AC0EE900519796 /* LeaguesView */,
			);
			path = LeagesModule;
			sourceTree = "<group>";
		};
		045A781127AC0DB200519796 /* FavouriteModule */ = {
			isa = PBXGroup;
			children = (
				045A781C27AC0F2B00519796 /* FavouritePresenter */,
				045A781B27AC0F1E00519796 /* FavouriteView */,
			);
			path = FavouriteModule;
			sourceTree = "<group>";
		};
		045A781227AC0DCA00519796 /* UpcomingModules */ = {
			isa = PBXGroup;
			children = (
				045A786627AC1A0600519796 /* UpcomingEventcellView.swift */,
			);
			path = UpcomingModules;
			sourceTree = "<group>";
		};
		045A781427AC0E0D00519796 /* TeamsModule */ = {
			isa = PBXGroup;
			children = (
				045A786D27AC1AB500519796 /* TeamsMoudelCellView.swift */,
				045A785A27AC18B900519796 /* TeamsDetailsViewController.swift */,
			);
			path = TeamsModule;
			sourceTree = "<group>";
		};
		045A781527AC0E1B00519796 /* LeaguesDetailsModule */ = {
			isa = PBXGroup;
			children = (
				045A788927AC859100519796 /* LeaguesDetailsViewController */,
				045A786827AC1A6300519796 /* LastEventModule */,
				045A781427AC0E0D00519796 /* TeamsModule */,
				045A781227AC0DCA00519796 /* UpcomingModules */,
			);
			path = LeaguesDetailsModule;
			sourceTree = "<group>";
		};
		045A781727AC0E7B00519796 /* SportsView */ = {
			isa = PBXGroup;
			children = (
				045A784527AC162900519796 /* SportCollectionViewController.swift */,
				045A784727AC163000519796 /* custemCollectionViewCell.swift */,
			);
			path = SportsView;
			sourceTree = "<group>";
		};
		045A781827AC0EBE00519796 /* SportsPresenter */ = {
			isa = PBXGroup;
			children = (
				045A782927AC11BB00519796 /* SportsPresenter.swift */,
			);
			path = SportsPresenter;
			sourceTree = "<group>";
		};
		045A781927AC0EE900519796 /* LeaguesView */ = {
			isa = PBXGroup;
			children = (
				045A784127AC160F00519796 /* LeaguesTableViewCell.swift */,
				045A784327AC161600519796 /* LeaguesTableViewController.swift */,
			);
			path = LeaguesView;
			sourceTree = "<group>";
		};
		045A781A27AC0EFC00519796 /* LeaguesPresenter */ = {
			isa = PBXGroup;
			children = (
				045A782727AC11A300519796 /* LeaguesPresenter.swift */,
			);
			path = LeaguesPresenter;
			sourceTree = "<group>";
		};
		045A781B27AC0F1E00519796 /* FavouriteView */ = {
			isa = PBXGroup;
			children = (
				045A783D27AC15EF00519796 /* FavoritesTableViewController.swift */,
				045A783F27AC15FA00519796 /* FavoritesTableViewCell.swift */,
			);
			path = FavouriteView;
			sourceTree = "<group>";
		};
		045A781C27AC0F2B00519796 /* FavouritePresenter */ = {
			isa = PBXGroup;
			children = (
				8599B19827ADBE3A008CCB07 /* FavouritesPresenter.swift */,
			);
			path = FavouritePresenter;
			sourceTree = "<group>";
		};
		045A782327AC0FE600519796 /* Servises */ = {
			isa = PBXGroup;
			children = (
				045A782627AC101800519796 /* ConnectivityService */,
				045A782527AC100200519796 /* CoreDataService */,
				045A782427AC0FF300519796 /* NetworkingService */,
			);
			path = Servises;
			sourceTree = "<group>";
		};
		045A782427AC0FF300519796 /* NetworkingService */ = {
			isa = PBXGroup;
			children = (
				045A786F27AC1B0600519796 /* LeaguesDetailsNetworking */,
				045A783C27AC154300519796 /* EventsNetworking */,
				045A783A27AC142E00519796 /* LeaguesNetworking */,
				045A783927AC13DC00519796 /* SportsNetworking */,
				045A782F27AC122800519796 /* BaseModels */,
				045A783727AC135200519796 /* TeamsNetworking */,
				045A788227AC7D2300519796 /* TeamDetailsNetworking */,
			);
			path = NetworkingService;
			sourceTree = "<group>";
		};
		045A782527AC100200519796 /* CoreDataService */ = {
			isa = PBXGroup;
			children = (
				852C87DB27AD7BCE0098063B /* CoreDataBService.swift */,
			);
			path = CoreDataService;
			sourceTree = "<group>";
		};
		045A782627AC101800519796 /* ConnectivityService */ = {
			isa = PBXGroup;
			children = (
			);
			path = ConnectivityService;
			sourceTree = "<group>";
		};
		045A782F27AC122800519796 /* BaseModels */ = {
			isa = PBXGroup;
			children = (
				045A782B27AC120400519796 /* BaseAPI.swift */,
				045A782D27AC120C00519796 /* TargetType.swift */,
			);
			path = BaseModels;
			sourceTree = "<group>";
		};
		045A783727AC135200519796 /* TeamsNetworking */ = {
			isa = PBXGroup;
			children = (
				045A787827AC1C3B00519796 /* TeamsAPIModel.swift */,
				045A786427AC197500519796 /* TeamsNetworking.swift */,
			);
			path = TeamsNetworking;
			sourceTree = "<group>";
		};
		045A783927AC13DC00519796 /* SportsNetworking */ = {
			isa = PBXGroup;
			children = (
				045A785127AC173400519796 /* AllSportsAPI.swift */,
				045A785327AC174300519796 /* AllSports.swift */,
			);
			path = SportsNetworking;
			sourceTree = "<group>";
		};
		045A783A27AC142E00519796 /* LeaguesNetworking */ = {
			isa = PBXGroup;
			children = (
				045A784D27AC168900519796 /* AllLeagues.swift */,
				045A784B27AC168300519796 /* AllLeagesAPI.swift */,
			);
			path = LeaguesNetworking;
			sourceTree = "<group>";
		};
		045A783C27AC154300519796 /* EventsNetworking */ = {
			isa = PBXGroup;
			children = (
				045A786027AC196000519796 /* UpcomingEventsNetworking.swift */,
				045A786227AC196600519796 /* LatesetEventsNEtworking.swift */,
				045A787E27AC551400519796 /* UpcomingEventsNetworkingAPI.swift */,
				045A788027AC557600519796 /* LatesetEventsNetworkingAPI.swift */,
			);
			name = EventsNetworking;
			sourceTree = "<group>";
		};
		045A785927AC17CA00519796 /* Extensions */ = {
			isa = PBXGroup;
			children = (
				045A785727AC17C000519796 /* TheRadiusExtension.swift */,
			);
			path = Extensions;
			sourceTree = "<group>";
		};
		045A786827AC1A6300519796 /* LastEventModule */ = {
			isa = PBXGroup;
			children = (
				045A786B27AC1A9500519796 /* LastResultsCellView.swift */,
			);
			path = LastEventModule;
			sourceTree = "<group>";
		};
		045A786F27AC1B0600519796 /* LeaguesDetailsNetworking */ = {
			isa = PBXGroup;
			children = (
				045A787027AC1B1A00519796 /* AllTeamsApiResultMOdel.swift */,
			);
			path = LeaguesDetailsNetworking;
			sourceTree = "<group>";
		};
		045A788227AC7D2300519796 /* TeamDetailsNetworking */ = {
			isa = PBXGroup;
			children = (
				045A788327AC7D6400519796 /* TeamDetailsAPI.swift */,
				045A788527AC7D7D00519796 /* TeamDetails.swift */,
			);
			path = TeamDetailsNetworking;
			sourceTree = "<group>";
		};
		045A788927AC859100519796 /* LeaguesDetailsViewController */ = {
			isa = PBXGroup;
			children = (
				045A785C27AC18D200519796 /* LeagueDetailsViewController.swift */,
				045A785E27AC18D800519796 /* LeagueVC+CollectionView.swift */,
				045A788E27AD543500519796 /* LeagueDetailsPresenter.swift */,
			);
			path = LeaguesDetailsViewController;
			sourceTree = "<group>";
		};
		04B7931327AC044100CCD82F = {
			isa = PBXGroup;
			children = (
				04B7931E27AC044100CCD82F /* SportsSwift */,
				04B7933827AC044600CCD82F /* SportsSwiftTests */,
				04B7931D27AC044100CCD82F /* Products */,
				11C17C7FC8DC86BF096F48F2 /* Pods */,
				2748CB1F218AC717678F5557 /* Frameworks */,
			);
			sourceTree = "<group>";
		};
		04B7931D27AC044100CCD82F /* Products */ = {
			isa = PBXGroup;
			children = (
				04B7931C27AC044100CCD82F /* SportsSwift.app */,
				04B7933527AC044600CCD82F /* SportsSwiftTests.xctest */,
			);
			name = Products;
			sourceTree = "<group>";
		};
		04B7931E27AC044100CCD82F /* SportsSwift */ = {
			isa = PBXGroup;
			children = (
				045A780C27AC0D4A00519796 /* AppModules */,
				04B7931F27AC044100CCD82F /* AppDelegate.swift */,
				04B7932127AC044100CCD82F /* SceneDelegate.swift */,
				04B7932327AC044100CCD82F /* ViewController.swift */,
				045A780727AC0C7D00519796 /* StoryBoards */,
				04B7932B27AC044600CCD82F /* Assets.xcassets */,
				04B7933027AC044600CCD82F /* Info.plist */,
				04B7932827AC044100CCD82F /* SportsSwift.xcdatamodeld */,
				045A780427AC0B6F00519796 /* Model */,
				045A788C27AC8F1F00519796 /* DemoNada.swift */,
				8574FEF827AC7AE10087B087 /* ConectivityChek.swift */,
			);
			path = SportsSwift;
			sourceTree = "<group>";
		};
		04B7933827AC044600CCD82F /* SportsSwiftTests */ = {
			isa = PBXGroup;
			children = (
				045A780527AC0BD600519796 /* AllSportsTest.swift */,
				04B7933927AC044600CCD82F /* TeamsTests.swift */,
				04B7933B27AC044600CCD82F /* Info.plist */,
			);
			path = SportsSwiftTests;
			sourceTree = "<group>";
		};
		11C17C7FC8DC86BF096F48F2 /* Pods */ = {
			isa = PBXGroup;
			children = (
				E45A4DC8A34B62FD828AE086 /* Pods-SportsSwift.debug.xcconfig */,
				B350793FF885240118034B92 /* Pods-SportsSwift.release.xcconfig */,
				82336DBEBBE23AC0B8C5A260 /* Pods-SportsSwiftTests.debug.xcconfig */,
				616325EA3FAD26356F7271F9 /* Pods-SportsSwiftTests.release.xcconfig */,
			);
			path = Pods;
			sourceTree = "<group>";
		};
		2748CB1F218AC717678F5557 /* Frameworks */ = {
			isa = PBXGroup;
			children = (
				84CAE78495979DB455566989 /* Pods_SportsSwift.framework */,
				017F0B73149306120711D0E6 /* Pods_SportsSwiftTests.framework */,
			);
			name = Frameworks;
			sourceTree = "<group>";
		};
/* End PBXGroup section */

/* Begin PBXNativeTarget section */
		04B7931B27AC044100CCD82F /* SportsSwift */ = {
			isa = PBXNativeTarget;
			buildConfigurationList = 04B7933E27AC044600CCD82F /* Build configuration list for PBXNativeTarget "SportsSwift" */;
			buildPhases = (
				A19278332E2AF32C56323C12 /* [CP] Check Pods Manifest.lock */,
				04B7931827AC044100CCD82F /* Sources */,
				04B7931927AC044100CCD82F /* Frameworks */,
				04B7931A27AC044100CCD82F /* Resources */,
				B4FB6459C3C0EC89253FD9D9 /* [CP] Embed Pods Frameworks */,
			);
			buildRules = (
			);
			dependencies = (
			);
			name = SportsSwift;
			productName = SportsSwift;
			productReference = 04B7931C27AC044100CCD82F /* SportsSwift.app */;
			productType = "com.apple.product-type.application";
		};
		04B7933427AC044600CCD82F /* SportsSwiftTests */ = {
			isa = PBXNativeTarget;
			buildConfigurationList = 04B7934127AC044600CCD82F /* Build configuration list for PBXNativeTarget "SportsSwiftTests" */;
			buildPhases = (
				B09626B326460DB32E8F9C16 /* [CP] Check Pods Manifest.lock */,
				04B7933127AC044600CCD82F /* Sources */,
				04B7933227AC044600CCD82F /* Frameworks */,
				04B7933327AC044600CCD82F /* Resources */,
			);
			buildRules = (
			);
			dependencies = (
				04B7933727AC044600CCD82F /* PBXTargetDependency */,
			);
			name = SportsSwiftTests;
			productName = SportsSwiftTests;
			productReference = 04B7933527AC044600CCD82F /* SportsSwiftTests.xctest */;
			productType = "com.apple.product-type.bundle.unit-test";
		};
/* End PBXNativeTarget section */

/* Begin PBXProject section */
		04B7931427AC044100CCD82F /* Project object */ = {
			isa = PBXProject;
			attributes = {
				LastSwiftUpdateCheck = 1150;
				LastUpgradeCheck = 1150;
				ORGANIZATIONNAME = "nada elmasry";
				TargetAttributes = {
					04B7931B27AC044100CCD82F = {
						CreatedOnToolsVersion = 11.5;
					};
					04B7933427AC044600CCD82F = {
						CreatedOnToolsVersion = 11.5;
						TestTargetID = 04B7931B27AC044100CCD82F;
					};
				};
			};
			buildConfigurationList = 04B7931727AC044100CCD82F /* Build configuration list for PBXProject "SportsSwift" */;
			compatibilityVersion = "Xcode 9.3";
			developmentRegion = en;
			hasScannedForEncodings = 0;
			knownRegions = (
				en,
				Base,
			);
			mainGroup = 04B7931327AC044100CCD82F;
			productRefGroup = 04B7931D27AC044100CCD82F /* Products */;
			projectDirPath = "";
			projectRoot = "";
			targets = (
				04B7931B27AC044100CCD82F /* SportsSwift */,
				04B7933427AC044600CCD82F /* SportsSwiftTests */,
			);
		};
/* End PBXProject section */

/* Begin PBXResourcesBuildPhase section */
		04B7931A27AC044100CCD82F /* Resources */ = {
			isa = PBXResourcesBuildPhase;
			buildActionMask = 2147483647;
			files = (
				04B7932F27AC044600CCD82F /* LaunchScreen.storyboard in Resources */,
				045A780B27AC0D2100519796 /* Main.storyboard in Resources */,
				045A780927AC0D0500519796 /* Leages.storyboard in Resources */,
				04B7932C27AC044600CCD82F /* Assets.xcassets in Resources */,
			);
			runOnlyForDeploymentPostprocessing = 0;
		};
		04B7933327AC044600CCD82F /* Resources */ = {
			isa = PBXResourcesBuildPhase;
			buildActionMask = 2147483647;
			files = (
			);
			runOnlyForDeploymentPostprocessing = 0;
		};
/* End PBXResourcesBuildPhase section */

/* Begin PBXShellScriptBuildPhase section */
		A19278332E2AF32C56323C12 /* [CP] Check Pods Manifest.lock */ = {
			isa = PBXShellScriptBuildPhase;
			buildActionMask = 2147483647;
			files = (
			);
			inputFileListPaths = (
			);
			inputPaths = (
				"${PODS_PODFILE_DIR_PATH}/Podfile.lock",
				"${PODS_ROOT}/Manifest.lock",
			);
			name = "[CP] Check Pods Manifest.lock";
			outputFileListPaths = (
			);
			outputPaths = (
				"$(DERIVED_FILE_DIR)/Pods-SportsSwift-checkManifestLockResult.txt",
			);
			runOnlyForDeploymentPostprocessing = 0;
			shellPath = /bin/sh;
			shellScript = "diff \"${PODS_PODFILE_DIR_PATH}/Podfile.lock\" \"${PODS_ROOT}/Manifest.lock\" > /dev/null\nif [ $? != 0 ] ; then\n    # print error to STDERR\n    echo \"error: The sandbox is not in sync with the Podfile.lock. Run 'pod install' or update your CocoaPods installation.\" >&2\n    exit 1\nfi\n# This output is used by Xcode 'outputs' to avoid re-running this script phase.\necho \"SUCCESS\" > \"${SCRIPT_OUTPUT_FILE_0}\"\n";
			showEnvVarsInLog = 0;
		};
		B09626B326460DB32E8F9C16 /* [CP] Check Pods Manifest.lock */ = {
			isa = PBXShellScriptBuildPhase;
			buildActionMask = 2147483647;
			files = (
			);
			inputFileListPaths = (
			);
			inputPaths = (
				"${PODS_PODFILE_DIR_PATH}/Podfile.lock",
				"${PODS_ROOT}/Manifest.lock",
			);
			name = "[CP] Check Pods Manifest.lock";
			outputFileListPaths = (
			);
			outputPaths = (
				"$(DERIVED_FILE_DIR)/Pods-SportsSwiftTests-checkManifestLockResult.txt",
			);
			runOnlyForDeploymentPostprocessing = 0;
			shellPath = /bin/sh;
			shellScript = "diff \"${PODS_PODFILE_DIR_PATH}/Podfile.lock\" \"${PODS_ROOT}/Manifest.lock\" > /dev/null\nif [ $? != 0 ] ; then\n    # print error to STDERR\n    echo \"error: The sandbox is not in sync with the Podfile.lock. Run 'pod install' or update your CocoaPods installation.\" >&2\n    exit 1\nfi\n# This output is used by Xcode 'outputs' to avoid re-running this script phase.\necho \"SUCCESS\" > \"${SCRIPT_OUTPUT_FILE_0}\"\n";
			showEnvVarsInLog = 0;
		};
		B4FB6459C3C0EC89253FD9D9 /* [CP] Embed Pods Frameworks */ = {
			isa = PBXShellScriptBuildPhase;
			buildActionMask = 2147483647;
			files = (
			);
			inputFileListPaths = (
				"${PODS_ROOT}/Target Support Files/Pods-SportsSwift/Pods-SportsSwift-frameworks-${CONFIGURATION}-input-files.xcfilelist",
			);
			name = "[CP] Embed Pods Frameworks";
			outputFileListPaths = (
				"${PODS_ROOT}/Target Support Files/Pods-SportsSwift/Pods-SportsSwift-frameworks-${CONFIGURATION}-output-files.xcfilelist",
			);
			runOnlyForDeploymentPostprocessing = 0;
			shellPath = /bin/sh;
			shellScript = "\"${PODS_ROOT}/Target Support Files/Pods-SportsSwift/Pods-SportsSwift-frameworks.sh\"\n";
			showEnvVarsInLog = 0;
		};
/* End PBXShellScriptBuildPhase section */

/* Begin PBXSourcesBuildPhase section */
		04B7931827AC044100CCD82F /* Sources */ = {
			isa = PBXSourcesBuildPhase;
			buildActionMask = 2147483647;
			files = (
				045A784027AC15FA00519796 /* FavoritesTableViewCell.swift in Sources */,
				045A782A27AC11BB00519796 /* SportsPresenter.swift in Sources */,
				045A786527AC197500519796 /* TeamsNetworking.swift in Sources */,
				045A786327AC196700519796 /* LatesetEventsNEtworking.swift in Sources */,
				045A784827AC163000519796 /* custemCollectionViewCell.swift in Sources */,
				045A780327AC0ABD00519796 /* File.swift in Sources */,
				045A784627AC162A00519796 /* SportCollectionViewController.swift in Sources */,
				04B7932A27AC044100CCD82F /* SportsSwift.xcdatamodeld in Sources */,
				8599B19927ADBE3A008CCB07 /* FavouritesPresenter.swift in Sources */,
				045A785027AC172400519796 /* Sports.swift in Sources */,
				045A783E27AC15EF00519796 /* FavoritesTableViewController.swift in Sources */,
				045A788D27AC8F1F00519796 /* DemoNada.swift in Sources */,
				8574FEF927AC7AE10087B087 /* ConectivityChek.swift in Sources */,
				045A786E27AC1AB500519796 /* TeamsMoudelCellView.swift in Sources */,
				045A782E27AC120C00519796 /* TargetType.swift in Sources */,
				045A784A27AC166900519796 /* Leages.swift in Sources */,
				852C87DC27AD7BCE0098063B /* CoreDataBService.swift in Sources */,
				04B7932427AC044100CCD82F /* ViewController.swift in Sources */,
				045A785B27AC18B900519796 /* TeamsDetailsViewController.swift in Sources */,
				045A784E27AC168900519796 /* AllLeagues.swift in Sources */,
				045A785D27AC18D300519796 /* LeagueDetailsViewController.swift in Sources */,
				045A786727AC1A0600519796 /* UpcomingEventcellView.swift in Sources */,
				045A785F27AC18D900519796 /* LeagueVC+CollectionView.swift in Sources */,
				04B7932027AC044100CCD82F /* AppDelegate.swift in Sources */,
				045A787127AC1B1A00519796 /* AllTeamsApiResultMOdel.swift in Sources */,
				045A785827AC17C000519796 /* TheRadiusExtension.swift in Sources */,
				045A784C27AC168300519796 /* AllLeagesAPI.swift in Sources */,
				045A782C27AC120400519796 /* BaseAPI.swift in Sources */,
				045A787F27AC551400519796 /* UpcomingEventsNetworkingAPI.swift in Sources */,
				045A787727AC1BEA00519796 /* RecentEvents.swift in Sources */,
				045A787527AC1BE300519796 /* UpcomingClass.swift in Sources */,
				04B7932227AC044100CCD82F /* SceneDelegate.swift in Sources */,
				045A787927AC1C3B00519796 /* TeamsAPIModel.swift in Sources */,
				045A788427AC7D6400519796 /* TeamDetailsAPI.swift in Sources */,
				045A785427AC174400519796 /* AllSports.swift in Sources */,
				045A784227AC160F00519796 /* LeaguesTableViewCell.swift in Sources */,
				045A786127AC196100519796 /* UpcomingEventsNetworking.swift in Sources */,
				045A788F27AD543500519796 /* LeagueDetailsPresenter.swift in Sources */,
				045A788627AC7D7D00519796 /* TeamDetails.swift in Sources */,
				045A782827AC11A300519796 /* LeaguesPresenter.swift in Sources */,
				045A788127AC557600519796 /* LatesetEventsNetworkingAPI.swift in Sources */,
				045A787327AC1BCC00519796 /* TeamsClass.swift in Sources */,
				045A786C27AC1A9500519796 /* LastResultsCellView.swift in Sources */,
				045A784427AC161600519796 /* LeaguesTableViewController.swift in Sources */,
				045A785227AC173400519796 /* AllSportsAPI.swift in Sources */,
			);
			runOnlyForDeploymentPostprocessing = 0;
		};
		04B7933127AC044600CCD82F /* Sources */ = {
			isa = PBXSourcesBuildPhase;
			buildActionMask = 2147483647;
			files = (
				045A780627AC0BD600519796 /* AllSportsTest.swift in Sources */,
				04B7933A27AC044600CCD82F /* TeamsTests.swift in Sources */,
			);
			runOnlyForDeploymentPostprocessing = 0;
		};
/* End PBXSourcesBuildPhase section */

/* Begin PBXTargetDependency section */
		04B7933727AC044600CCD82F /* PBXTargetDependency */ = {
			isa = PBXTargetDependency;
			target = 04B7931B27AC044100CCD82F /* SportsSwift */;
			targetProxy = 04B7933627AC044600CCD82F /* PBXContainerItemProxy */;
		};
/* End PBXTargetDependency section */

/* Begin PBXVariantGroup section */
		04B7932D27AC044600CCD82F /* LaunchScreen.storyboard */ = {
			isa = PBXVariantGroup;
			children = (
				04B7932E27AC044600CCD82F /* Base */,
			);
			name = LaunchScreen.storyboard;
			sourceTree = "<group>";
		};
/* End PBXVariantGroup section */

/* Begin XCBuildConfiguration section */
		04B7933C27AC044600CCD82F /* Debug */ = {
			isa = XCBuildConfiguration;
			buildSettings = {
				ALWAYS_SEARCH_USER_PATHS = NO;
				CLANG_ANALYZER_NONNULL = YES;
				CLANG_ANALYZER_NUMBER_OBJECT_CONVERSION = YES_AGGRESSIVE;
				CLANG_CXX_LANGUAGE_STANDARD = "gnu++14";
				CLANG_CXX_LIBRARY = "libc++";
				CLANG_ENABLE_MODULES = YES;
				CLANG_ENABLE_OBJC_ARC = YES;
				CLANG_ENABLE_OBJC_WEAK = YES;
				CLANG_WARN_BLOCK_CAPTURE_AUTORELEASING = YES;
				CLANG_WARN_BOOL_CONVERSION = YES;
				CLANG_WARN_COMMA = YES;
				CLANG_WARN_CONSTANT_CONVERSION = YES;
				CLANG_WARN_DEPRECATED_OBJC_IMPLEMENTATIONS = YES;
				CLANG_WARN_DIRECT_OBJC_ISA_USAGE = YES_ERROR;
				CLANG_WARN_DOCUMENTATION_COMMENTS = YES;
				CLANG_WARN_EMPTY_BODY = YES;
				CLANG_WARN_ENUM_CONVERSION = YES;
				CLANG_WARN_INFINITE_RECURSION = YES;
				CLANG_WARN_INT_CONVERSION = YES;
				CLANG_WARN_NON_LITERAL_NULL_CONVERSION = YES;
				CLANG_WARN_OBJC_IMPLICIT_RETAIN_SELF = YES;
				CLANG_WARN_OBJC_LITERAL_CONVERSION = YES;
				CLANG_WARN_OBJC_ROOT_CLASS = YES_ERROR;
				CLANG_WARN_RANGE_LOOP_ANALYSIS = YES;
				CLANG_WARN_STRICT_PROTOTYPES = YES;
				CLANG_WARN_SUSPICIOUS_MOVE = YES;
				CLANG_WARN_UNGUARDED_AVAILABILITY = YES_AGGRESSIVE;
				CLANG_WARN_UNREACHABLE_CODE = YES;
				CLANG_WARN__DUPLICATE_METHOD_MATCH = YES;
				COPY_PHASE_STRIP = NO;
				DEBUG_INFORMATION_FORMAT = dwarf;
				ENABLE_STRICT_OBJC_MSGSEND = YES;
				ENABLE_TESTABILITY = YES;
				GCC_C_LANGUAGE_STANDARD = gnu11;
				GCC_DYNAMIC_NO_PIC = NO;
				GCC_NO_COMMON_BLOCKS = YES;
				GCC_OPTIMIZATION_LEVEL = 0;
				GCC_PREPROCESSOR_DEFINITIONS = (
					"DEBUG=1",
					"$(inherited)",
				);
				GCC_WARN_64_TO_32_BIT_CONVERSION = YES;
				GCC_WARN_ABOUT_RETURN_TYPE = YES_ERROR;
				GCC_WARN_UNDECLARED_SELECTOR = YES;
				GCC_WARN_UNINITIALIZED_AUTOS = YES_AGGRESSIVE;
				GCC_WARN_UNUSED_FUNCTION = YES;
				GCC_WARN_UNUSED_VARIABLE = YES;
				IPHONEOS_DEPLOYMENT_TARGET = 13.5;
				MTL_ENABLE_DEBUG_INFO = INCLUDE_SOURCE;
				MTL_FAST_MATH = YES;
				ONLY_ACTIVE_ARCH = YES;
				SDKROOT = iphoneos;
				SWIFT_ACTIVE_COMPILATION_CONDITIONS = DEBUG;
				SWIFT_OPTIMIZATION_LEVEL = "-Onone";
			};
			name = Debug;
		};
		04B7933D27AC044600CCD82F /* Release */ = {
			isa = XCBuildConfiguration;
			buildSettings = {
				ALWAYS_SEARCH_USER_PATHS = NO;
				CLANG_ANALYZER_NONNULL = YES;
				CLANG_ANALYZER_NUMBER_OBJECT_CONVERSION = YES_AGGRESSIVE;
				CLANG_CXX_LANGUAGE_STANDARD = "gnu++14";
				CLANG_CXX_LIBRARY = "libc++";
				CLANG_ENABLE_MODULES = YES;
				CLANG_ENABLE_OBJC_ARC = YES;
				CLANG_ENABLE_OBJC_WEAK = YES;
				CLANG_WARN_BLOCK_CAPTURE_AUTORELEASING = YES;
				CLANG_WARN_BOOL_CONVERSION = YES;
				CLANG_WARN_COMMA = YES;
				CLANG_WARN_CONSTANT_CONVERSION = YES;
				CLANG_WARN_DEPRECATED_OBJC_IMPLEMENTATIONS = YES;
				CLANG_WARN_DIRECT_OBJC_ISA_USAGE = YES_ERROR;
				CLANG_WARN_DOCUMENTATION_COMMENTS = YES;
				CLANG_WARN_EMPTY_BODY = YES;
				CLANG_WARN_ENUM_CONVERSION = YES;
				CLANG_WARN_INFINITE_RECURSION = YES;
				CLANG_WARN_INT_CONVERSION = YES;
				CLANG_WARN_NON_LITERAL_NULL_CONVERSION = YES;
				CLANG_WARN_OBJC_IMPLICIT_RETAIN_SELF = YES;
				CLANG_WARN_OBJC_LITERAL_CONVERSION = YES;
				CLANG_WARN_OBJC_ROOT_CLASS = YES_ERROR;
				CLANG_WARN_RANGE_LOOP_ANALYSIS = YES;
				CLANG_WARN_STRICT_PROTOTYPES = YES;
				CLANG_WARN_SUSPICIOUS_MOVE = YES;
				CLANG_WARN_UNGUARDED_AVAILABILITY = YES_AGGRESSIVE;
				CLANG_WARN_UNREACHABLE_CODE = YES;
				CLANG_WARN__DUPLICATE_METHOD_MATCH = YES;
				COPY_PHASE_STRIP = NO;
				DEBUG_INFORMATION_FORMAT = "dwarf-with-dsym";
				ENABLE_NS_ASSERTIONS = NO;
				ENABLE_STRICT_OBJC_MSGSEND = YES;
				GCC_C_LANGUAGE_STANDARD = gnu11;
				GCC_NO_COMMON_BLOCKS = YES;
				GCC_WARN_64_TO_32_BIT_CONVERSION = YES;
				GCC_WARN_ABOUT_RETURN_TYPE = YES_ERROR;
				GCC_WARN_UNDECLARED_SELECTOR = YES;
				GCC_WARN_UNINITIALIZED_AUTOS = YES_AGGRESSIVE;
				GCC_WARN_UNUSED_FUNCTION = YES;
				GCC_WARN_UNUSED_VARIABLE = YES;
				IPHONEOS_DEPLOYMENT_TARGET = 13.5;
				MTL_ENABLE_DEBUG_INFO = NO;
				MTL_FAST_MATH = YES;
				SDKROOT = iphoneos;
				SWIFT_COMPILATION_MODE = wholemodule;
				SWIFT_OPTIMIZATION_LEVEL = "-O";
				VALIDATE_PRODUCT = YES;
			};
			name = Release;
		};
		04B7933F27AC044600CCD82F /* Debug */ = {
			isa = XCBuildConfiguration;
			baseConfigurationReference = E45A4DC8A34B62FD828AE086 /* Pods-SportsSwift.debug.xcconfig */;
			buildSettings = {
				ASSETCATALOG_COMPILER_APPICON_NAME = AppIcon;
				CODE_SIGN_STYLE = Automatic;
				INFOPLIST_FILE = SportsSwift/Info.plist;
				IPHONEOS_DEPLOYMENT_TARGET = 13.0;
				LD_RUNPATH_SEARCH_PATHS = (
					"$(inherited)",
					"@executable_path/Frameworks",
				);
				PRODUCT_BUNDLE_IDENTIFIER = com.nadaelmasry.SportsSwift;
				PRODUCT_NAME = "$(TARGET_NAME)";
				SWIFT_VERSION = 5.0;
				TARGETED_DEVICE_FAMILY = "1,2";
			};
			name = Debug;
		};
		04B7934027AC044600CCD82F /* Release */ = {
			isa = XCBuildConfiguration;
			baseConfigurationReference = B350793FF885240118034B92 /* Pods-SportsSwift.release.xcconfig */;
			buildSettings = {
				ASSETCATALOG_COMPILER_APPICON_NAME = AppIcon;
				CODE_SIGN_STYLE = Automatic;
				INFOPLIST_FILE = SportsSwift/Info.plist;
				IPHONEOS_DEPLOYMENT_TARGET = 13.0;
				LD_RUNPATH_SEARCH_PATHS = (
					"$(inherited)",
					"@executable_path/Frameworks",
				);
				PRODUCT_BUNDLE_IDENTIFIER = com.nadaelmasry.SportsSwift;
				PRODUCT_NAME = "$(TARGET_NAME)";
				SWIFT_VERSION = 5.0;
				TARGETED_DEVICE_FAMILY = "1,2";
			};
			name = Release;
		};
		04B7934227AC044600CCD82F /* Debug */ = {
			isa = XCBuildConfiguration;
			baseConfigurationReference = 82336DBEBBE23AC0B8C5A260 /* Pods-SportsSwiftTests.debug.xcconfig */;
			buildSettings = {
				ALWAYS_EMBED_SWIFT_STANDARD_LIBRARIES = YES;
				BUNDLE_LOADER = "$(TEST_HOST)";
				CODE_SIGN_STYLE = Automatic;
				INFOPLIST_FILE = SportsSwiftTests/Info.plist;
				IPHONEOS_DEPLOYMENT_TARGET = 13.5;
				LD_RUNPATH_SEARCH_PATHS = (
					"$(inherited)",
					"@executable_path/Frameworks",
					"@loader_path/Frameworks",
				);
				PRODUCT_BUNDLE_IDENTIFIER = com.nadaelmasry.SportsSwiftTests;
				PRODUCT_NAME = "$(TARGET_NAME)";
				SWIFT_VERSION = 5.0;
				TARGETED_DEVICE_FAMILY = "1,2";
				TEST_HOST = "$(BUILT_PRODUCTS_DIR)/SportsSwift.app/SportsSwift";
			};
			name = Debug;
		};
		04B7934327AC044600CCD82F /* Release */ = {
			isa = XCBuildConfiguration;
			baseConfigurationReference = 616325EA3FAD26356F7271F9 /* Pods-SportsSwiftTests.release.xcconfig */;
			buildSettings = {
				ALWAYS_EMBED_SWIFT_STANDARD_LIBRARIES = YES;
				BUNDLE_LOADER = "$(TEST_HOST)";
				CODE_SIGN_STYLE = Automatic;
				INFOPLIST_FILE = SportsSwiftTests/Info.plist;
				IPHONEOS_DEPLOYMENT_TARGET = 13.5;
				LD_RUNPATH_SEARCH_PATHS = (
					"$(inherited)",
					"@executable_path/Frameworks",
					"@loader_path/Frameworks",
				);
				PRODUCT_BUNDLE_IDENTIFIER = com.nadaelmasry.SportsSwiftTests;
				PRODUCT_NAME = "$(TARGET_NAME)";
				SWIFT_VERSION = 5.0;
				TARGETED_DEVICE_FAMILY = "1,2";
				TEST_HOST = "$(BUILT_PRODUCTS_DIR)/SportsSwift.app/SportsSwift";
			};
			name = Release;
		};
/* End XCBuildConfiguration section */

/* Begin XCConfigurationList section */
		04B7931727AC044100CCD82F /* Build configuration list for PBXProject "SportsSwift" */ = {
			isa = XCConfigurationList;
			buildConfigurations = (
				04B7933C27AC044600CCD82F /* Debug */,
				04B7933D27AC044600CCD82F /* Release */,
			);
			defaultConfigurationIsVisible = 0;
			defaultConfigurationName = Release;
		};
		04B7933E27AC044600CCD82F /* Build configuration list for PBXNativeTarget "SportsSwift" */ = {
			isa = XCConfigurationList;
			buildConfigurations = (
				04B7933F27AC044600CCD82F /* Debug */,
				04B7934027AC044600CCD82F /* Release */,
			);
			defaultConfigurationIsVisible = 0;
			defaultConfigurationName = Release;
		};
		04B7934127AC044600CCD82F /* Build configuration list for PBXNativeTarget "SportsSwiftTests" */ = {
			isa = XCConfigurationList;
			buildConfigurations = (
				04B7934227AC044600CCD82F /* Debug */,
				04B7934327AC044600CCD82F /* Release */,
			);
			defaultConfigurationIsVisible = 0;
			defaultConfigurationName = Release;
		};
/* End XCConfigurationList section */

/* Begin XCVersionGroup section */
		04B7932827AC044100CCD82F /* SportsSwift.xcdatamodeld */ = {
			isa = XCVersionGroup;
			children = (
				04B7932927AC044100CCD82F /* SportsSwift.xcdatamodel */,
			);
			currentVersion = 04B7932927AC044100CCD82F /* SportsSwift.xcdatamodel */;
			path = SportsSwift.xcdatamodeld;
			sourceTree = "<group>";
			versionGroupType = wrapper.xcdatamodel;
		};
/* End XCVersionGroup section */
	};
	rootObject = 04B7931427AC044100CCD82F /* Project object */;
}
